
Microsoft Visual Studio Solution File, Format Version 12.00
# Visual Studio Version 17
VisualStudioVersion = 17.3.32804.467
MinimumVisualStudioVersion = 10.0.40219.1
Project("{9A19103F-16F7-4668-BE54-9A1E7A4F7556}") = "Galaxy", "Galaxy\Galaxy.csproj", "{9684FA30-FCB2-415A-AC74-13B0482819AB}"
EndProject
Project("{9A19103F-16F7-4668-BE54-9A1E7A4F7556}") = "Domain", "Domain\Domain.csproj", "{1407592C-1EE0-45A2-9447-B5096BCDC223}"
EndProject
Project("{9A19103F-16F7-4668-BE54-9A1E7A4F7556}") = "Grains", "Grains\Grains.csproj", "{82029DD4-88FC-481F-91C0-C2349ACC979E}"
EndProject
Project("{9A19103F-16F7-4668-BE54-9A1E7A4F7556}") = "Infrastructure", "Infrastructure\Infrastructure.csproj", "{52AF868B-C330-49F5-9213-43B755405A5E}"
EndProject
Project("{9A19103F-16F7-4668-BE54-9A1E7A4F7556}") = "GalaxyApi", "GalaxyApi\GalaxyApi.csproj", "{77160195-09D6-4E0F-9A1E-0C5B61DDE3FC}"
EndProject
Project("{2150E333-8FDC-42A3-9474-1A3956D46DE8}") = "Frontend", "Frontend", "{EAEAC3E3-3E76-493B-A30B-F929B2BE22BE}"
EndProject
Project("{FAE04EC0-301F-11D3-BF4B-00C04F79EFBC}") = "GalaxyApp", "GalaxyApp\GalaxyApp.csproj", "{1E76BCAB-3503-4696-A5B3-4EEAD978ADF0}"
EndProject
Project("{FAE04EC0-301F-11D3-BF4B-00C04F79EFBC}") = "ApiClients", "ApiClients\ApiClients.csproj", "{979257DA-89B2-4526-B9A3-7D21FD938E8B}"
EndProject
Global
	GlobalSection(SolutionConfigurationPlatforms) = preSolution
		Debug|Any CPU = Debug|Any CPU
		Release|Any CPU = Release|Any CPU
	EndGlobalSection
	GlobalSection(ProjectConfigurationPlatforms) = postSolution
		{9684FA30-FCB2-415A-AC74-13B0482819AB}.Debug|Any CPU.ActiveCfg = Debug|Any CPU
		{9684FA30-FCB2-415A-AC74-13B0482819AB}.Debug|Any CPU.Build.0 = Debug|Any CPU
		{9684FA30-FCB2-415A-AC74-13B0482819AB}.Release|Any CPU.ActiveCfg = Release|Any CPU
		{9684FA30-FCB2-415A-AC74-13B0482819AB}.Release|Any CPU.Build.0 = Release|Any CPU
		{1407592C-1EE0-45A2-9447-B5096BCDC223}.Debug|Any CPU.ActiveCfg = Debug|Any CPU
		{1407592C-1EE0-45A2-9447-B5096BCDC223}.Debug|Any CPU.Build.0 = Debug|Any CPU
		{1407592C-1EE0-45A2-9447-B5096BCDC223}.Release|Any CPU.ActiveCfg = Release|Any CPU
		{1407592C-1EE0-45A2-9447-B5096BCDC223}.Release|Any CPU.Build.0 = Release|Any CPU
		{82029DD4-88FC-481F-91C0-C2349ACC979E}.Debug|Any CPU.ActiveCfg = Debug|Any CPU
		{82029DD4-88FC-481F-91C0-C2349ACC979E}.Debug|Any CPU.Build.0 = Debug|Any CPU
		{82029DD4-88FC-481F-91C0-C2349ACC979E}.Release|Any CPU.ActiveCfg = Release|Any CPU
		{82029DD4-88FC-481F-91C0-C2349ACC979E}.Release|Any CPU.Build.0 = Release|Any CPU
		{52AF868B-C330-49F5-9213-43B755405A5E}.Debug|Any CPU.ActiveCfg = Debug|Any CPU
		{52AF868B-C330-49F5-9213-43B755405A5E}.Debug|Any CPU.Build.0 = Debug|Any CPU
		{52AF868B-C330-49F5-9213-43B755405A5E}.Release|Any CPU.ActiveCfg = Release|Any CPU
		{52AF868B-C330-49F5-9213-43B755405A5E}.Release|Any CPU.Build.0 = Release|Any CPU
		{77160195-09D6-4E0F-9A1E-0C5B61DDE3FC}.Debug|Any CPU.ActiveCfg = Debug|Any CPU
		{77160195-09D6-4E0F-9A1E-0C5B61DDE3FC}.Debug|Any CPU.Build.0 = Debug|Any CPU
		{77160195-09D6-4E0F-9A1E-0C5B61DDE3FC}.Release|Any CPU.ActiveCfg = Release|Any CPU
		{77160195-09D6-4E0F-9A1E-0C5B61DDE3FC}.Release|Any CPU.Build.0 = Release|Any CPU
		{1E76BCAB-3503-4696-A5B3-4EEAD978ADF0}.Debug|Any CPU.ActiveCfg = Debug|Any CPU
		{1E76BCAB-3503-4696-A5B3-4EEAD978ADF0}.Debug|Any CPU.Build.0 = Debug|Any CPU
		{1E76BCAB-3503-4696-A5B3-4EEAD978ADF0}.Release|Any CPU.ActiveCfg = Release|Any CPU
		{1E76BCAB-3503-4696-A5B3-4EEAD978ADF0}.Release|Any CPU.Build.0 = Release|Any CPU
		{979257DA-89B2-4526-B9A3-7D21FD938E8B}.Debug|Any CPU.ActiveCfg = Debug|Any CPU
		{979257DA-89B2-4526-B9A3-7D21FD938E8B}.Debug|Any CPU.Build.0 = Debug|Any CPU
		{979257DA-89B2-4526-B9A3-7D21FD938E8B}.Release|Any CPU.ActiveCfg = Release|Any CPU
		{979257DA-89B2-4526-B9A3-7D21FD938E8B}.Release|Any CPU.Build.0 = Release|Any CPU
	EndGlobalSection
	GlobalSection(SolutionProperties) = preSolution
		HideSolutionNode = FALSE
	EndGlobalSection
	GlobalSection(NestedProjects) = preSolution
		{1E76BCAB-3503-4696-A5B3-4EEAD978ADF0} = {EAEAC3E3-3E76-493B-A30B-F929B2BE22BE}
	EndGlobalSection
	GlobalSection(ExtensibilityGlobals) = postSolution
		SolutionGuid = {BE4857A2-F5B1-4427-AF62-DB4C9A024F11}
	EndGlobalSection
EndGlobal
